// !$*UTF8*$!
{
	archiveVersion = 1;
	classes = {
	};
	objectVersion = 46;
	objects = {

/* Begin PBXBuildFile section */
		93A3AEFF1BF142A400CAD43B /* AppDelegate.swift in Sources */ = {isa = PBXBuildFile; fileRef = 93A3AEFE1BF142A400CAD43B /* AppDelegate.swift */; };
		93A3AF011BF142A400CAD43B /* ViewController.swift in Sources */ = {isa = PBXBuildFile; fileRef = 93A3AF001BF142A400CAD43B /* ViewController.swift */; };
		93A3AF061BF142A400CAD43B /* Assets.xcassets in Resources */ = {isa = PBXBuildFile; fileRef = 93A3AF051BF142A400CAD43B /* Assets.xcassets */; };
		93A3AF271BF143B400CAD43B /* SwiftTweaks.framework in Frameworks */ = {isa = PBXBuildFile; fileRef = 93A3AF241BF143AC00CAD43B /* SwiftTweaks.framework */; };
		93A3AF281BF143B400CAD43B /* SwiftTweaks.framework in Embed Frameworks */ = {isa = PBXBuildFile; fileRef = 93A3AF241BF143AC00CAD43B /* SwiftTweaks.framework */; settings = {ATTRIBUTES = (CodeSignOnCopy, RemoveHeadersOnCopy, ); }; };
		93A3AF2E1BF1443A00CAD43B /* LaunchScreen.storyboard in Resources */ = {isa = PBXBuildFile; fileRef = 93A3AF2C1BF1443A00CAD43B /* LaunchScreen.storyboard */; };
		93A3AF301BF154D600CAD43B /* ExampleTweaks.swift in Sources */ = {isa = PBXBuildFile; fileRef = 93A3AF2F1BF154D600CAD43B /* ExampleTweaks.swift */; };
/* End PBXBuildFile section */

/* Begin PBXContainerItemProxy section */
		93A3AF231BF143AC00CAD43B /* PBXContainerItemProxy */ = {
			isa = PBXContainerItemProxy;
			containerPortal = 93A3AF1E1BF143AC00CAD43B /* SwiftTweaks.xcodeproj */;
			proxyType = 2;
			remoteGlobalIDString = 93A84ED11BEAE86E0022D2F3;
			remoteInfo = SwiftTweaks;
		};
		93A3AF251BF143AC00CAD43B /* PBXContainerItemProxy */ = {
			isa = PBXContainerItemProxy;
			containerPortal = 93A3AF1E1BF143AC00CAD43B /* SwiftTweaks.xcodeproj */;
			proxyType = 2;
			remoteGlobalIDString = 93A84EDB1BEAE86E0022D2F3;
			remoteInfo = SwiftTweaksTests;
		};
		93A3AF291BF143B400CAD43B /* PBXContainerItemProxy */ = {
			isa = PBXContainerItemProxy;
			containerPortal = 93A3AF1E1BF143AC00CAD43B /* SwiftTweaks.xcodeproj */;
			proxyType = 1;
			remoteGlobalIDString = 93A84ED01BEAE86E0022D2F3;
			remoteInfo = SwiftTweaks;
		};
/* End PBXContainerItemProxy section */

/* Begin PBXCopyFilesBuildPhase section */
		93A3AF2B1BF143B400CAD43B /* Embed Frameworks */ = {
			isa = PBXCopyFilesBuildPhase;
			buildActionMask = 2147483647;
			dstPath = "";
			dstSubfolderSpec = 10;
			files = (
				93A3AF281BF143B400CAD43B /* SwiftTweaks.framework in Embed Frameworks */,
			);
			name = "Embed Frameworks";
			runOnlyForDeploymentPostprocessing = 0;
		};
/* End PBXCopyFilesBuildPhase section */

/* Begin PBXFileReference section */
		93A3AEFB1BF142A400CAD43B /* iOS Example.app */ = {isa = PBXFileReference; explicitFileType = wrapper.application; includeInIndex = 0; path = "iOS Example.app"; sourceTree = BUILT_PRODUCTS_DIR; };
		93A3AEFE1BF142A400CAD43B /* AppDelegate.swift */ = {isa = PBXFileReference; lastKnownFileType = sourcecode.swift; path = AppDelegate.swift; sourceTree = "<group>"; };
		93A3AF001BF142A400CAD43B /* ViewController.swift */ = {isa = PBXFileReference; lastKnownFileType = sourcecode.swift; path = ViewController.swift; sourceTree = "<group>"; };
		93A3AF051BF142A400CAD43B /* Assets.xcassets */ = {isa = PBXFileReference; lastKnownFileType = folder.assetcatalog; path = Assets.xcassets; sourceTree = "<group>"; };
		93A3AF0A1BF142A400CAD43B /* Info.plist */ = {isa = PBXFileReference; lastKnownFileType = text.plist.xml; path = Info.plist; sourceTree = "<group>"; };
		93A3AF1E1BF143AC00CAD43B /* SwiftTweaks.xcodeproj */ = {isa = PBXFileReference; lastKnownFileType = "wrapper.pb-project"; name = SwiftTweaks.xcodeproj; path = ../SwiftTweaks.xcodeproj; sourceTree = "<group>"; };
		93A3AF2D1BF1443A00CAD43B /* Base */ = {isa = PBXFileReference; lastKnownFileType = file.storyboard; name = Base; path = Base.lproj/LaunchScreen.storyboard; sourceTree = "<group>"; };
		93A3AF2F1BF154D600CAD43B /* ExampleTweaks.swift */ = {isa = PBXFileReference; fileEncoding = 4; lastKnownFileType = sourcecode.swift; path = ExampleTweaks.swift; sourceTree = "<group>"; };
/* End PBXFileReference section */

/* Begin PBXFrameworksBuildPhase section */
		93A3AEF81BF142A400CAD43B /* Frameworks */ = {
			isa = PBXFrameworksBuildPhase;
			buildActionMask = 2147483647;
			files = (
				93A3AF271BF143B400CAD43B /* SwiftTweaks.framework in Frameworks */,
			);
			runOnlyForDeploymentPostprocessing = 0;
		};
/* End PBXFrameworksBuildPhase section */

/* Begin PBXGroup section */
		93A3AEF21BF142A400CAD43B = {
			isa = PBXGroup;
			children = (
				93A3AF1E1BF143AC00CAD43B /* SwiftTweaks.xcodeproj */,
				93A3AEFD1BF142A400CAD43B /* iOS Example */,
				93A3AEFC1BF142A400CAD43B /* Products */,
			);
			sourceTree = "<group>";
		};
		93A3AEFC1BF142A400CAD43B /* Products */ = {
			isa = PBXGroup;
			children = (
				93A3AEFB1BF142A400CAD43B /* iOS Example.app */,
			);
			name = Products;
			sourceTree = "<group>";
		};
		93A3AEFD1BF142A400CAD43B /* iOS Example */ = {
			isa = PBXGroup;
			children = (
				93A3AEFE1BF142A400CAD43B /* AppDelegate.swift */,
				93A3AF2F1BF154D600CAD43B /* ExampleTweaks.swift */,
				93A3AF001BF142A400CAD43B /* ViewController.swift */,
				93A3AF051BF142A400CAD43B /* Assets.xcassets */,
				93A3AF2C1BF1443A00CAD43B /* LaunchScreen.storyboard */,
				93A3AF0A1BF142A400CAD43B /* Info.plist */,
			);
			path = "iOS Example";
			sourceTree = "<group>";
		};
		93A3AF1F1BF143AC00CAD43B /* Products */ = {
			isa = PBXGroup;
			children = (
				93A3AF241BF143AC00CAD43B /* SwiftTweaks.framework */,
				93A3AF261BF143AC00CAD43B /* SwiftTweaksTests.xctest */,
			);
			name = Products;
			sourceTree = "<group>";
		};
/* End PBXGroup section */

/* Begin PBXNativeTarget section */
		93A3AEFA1BF142A400CAD43B /* iOS Example */ = {
			isa = PBXNativeTarget;
			buildConfigurationList = 93A3AF0D1BF142A400CAD43B /* Build configuration list for PBXNativeTarget "iOS Example" */;
			buildPhases = (
				93A3AEF71BF142A400CAD43B /* Sources */,
				93A3AEF81BF142A400CAD43B /* Frameworks */,
				93A3AEF91BF142A400CAD43B /* Resources */,
				93A3AF2B1BF143B400CAD43B /* Embed Frameworks */,
			);
			buildRules = (
			);
			dependencies = (
				93A3AF2A1BF143B400CAD43B /* PBXTargetDependency */,
			);
			name = "iOS Example";
			productName = "iOS Example";
			productReference = 93A3AEFB1BF142A400CAD43B /* iOS Example.app */;
			productType = "com.apple.product-type.application";
		};
/* End PBXNativeTarget section */

/* Begin PBXProject section */
		93A3AEF31BF142A400CAD43B /* Project object */ = {
			isa = PBXProject;
			attributes = {
				LastSwiftUpdateCheck = 0710;
				LastUpgradeCheck = 0930;
				ORGANIZATIONNAME = "Khan Academy";
				TargetAttributes = {
					93A3AEFA1BF142A400CAD43B = {
						CreatedOnToolsVersion = 7.1;
						LastSwiftMigration = 0910;
					};
				};
			};
			buildConfigurationList = 93A3AEF61BF142A400CAD43B /* Build configuration list for PBXProject "iOS Example" */;
			compatibilityVersion = "Xcode 3.2";
			developmentRegion = English;
			hasScannedForEncodings = 0;
			knownRegions = (
				en,
				Base,
			);
			mainGroup = 93A3AEF21BF142A400CAD43B;
			productRefGroup = 93A3AEFC1BF142A400CAD43B /* Products */;
			projectDirPath = "";
			projectReferences = (
				{
					ProductGroup = 93A3AF1F1BF143AC00CAD43B /* Products */;
					ProjectRef = 93A3AF1E1BF143AC00CAD43B /* SwiftTweaks.xcodeproj */;
				},
			);
			projectRoot = "";
			targets = (
				93A3AEFA1BF142A400CAD43B /* iOS Example */,
			);
		};
/* End PBXProject section */

/* Begin PBXReferenceProxy section */
		93A3AF241BF143AC00CAD43B /* SwiftTweaks.framework */ = {
			isa = PBXReferenceProxy;
			fileType = wrapper.framework;
			path = SwiftTweaks.framework;
			remoteRef = 93A3AF231BF143AC00CAD43B /* PBXContainerItemProxy */;
			sourceTree = BUILT_PRODUCTS_DIR;
		};
		93A3AF261BF143AC00CAD43B /* SwiftTweaksTests.xctest */ = {
			isa = PBXReferenceProxy;
			fileType = wrapper.cfbundle;
			path = SwiftTweaksTests.xctest;
			remoteRef = 93A3AF251BF143AC00CAD43B /* PBXContainerItemProxy */;
			sourceTree = BUILT_PRODUCTS_DIR;
		};
/* End PBXReferenceProxy section */

/* Begin PBXResourcesBuildPhase section */
		93A3AEF91BF142A400CAD43B /* Resources */ = {
			isa = PBXResourcesBuildPhase;
			buildActionMask = 2147483647;
			files = (
				93A3AF061BF142A400CAD43B /* Assets.xcassets in Resources */,
				93A3AF2E1BF1443A00CAD43B /* LaunchScreen.storyboard in Resources */,
			);
			runOnlyForDeploymentPostprocessing = 0;
		};
/* End PBXResourcesBuildPhase section */

/* Begin PBXSourcesBuildPhase section */
		93A3AEF71BF142A400CAD43B /* Sources */ = {
			isa = PBXSourcesBuildPhase;
			buildActionMask = 2147483647;
			files = (
				93A3AF011BF142A400CAD43B /* ViewController.swift in Sources */,
				93A3AF301BF154D600CAD43B /* ExampleTweaks.swift in Sources */,
				93A3AEFF1BF142A400CAD43B /* AppDelegate.swift in Sources */,
			);
			runOnlyForDeploymentPostprocessing = 0;
		};
/* End PBXSourcesBuildPhase section */

/* Begin PBXTargetDependency section */
		93A3AF2A1BF143B400CAD43B /* PBXTargetDependency */ = {
			isa = PBXTargetDependency;
			name = SwiftTweaks;
			targetProxy = 93A3AF291BF143B400CAD43B /* PBXContainerItemProxy */;
		};
/* End PBXTargetDependency section */

/* Begin PBXVariantGroup section */
		93A3AF2C1BF1443A00CAD43B /* LaunchScreen.storyboard */ = {
			isa = PBXVariantGroup;
			children = (
				93A3AF2D1BF1443A00CAD43B /* Base */,
			);
			name = LaunchScreen.storyboard;
			sourceTree = "<group>";
		};
/* End PBXVariantGroup section */

/* Begin XCBuildConfiguration section */
		93A3AF0B1BF142A400CAD43B /* Debug */ = {
			isa = XCBuildConfiguration;
			buildSettings = {
				ALWAYS_SEARCH_USER_PATHS = NO;
				CLANG_CXX_LANGUAGE_STANDARD = "gnu++0x";
				CLANG_CXX_LIBRARY = "libc++";
				CLANG_ENABLE_MODULES = YES;
				CLANG_ENABLE_OBJC_ARC = YES;
				CLANG_WARN_BLOCK_CAPTURE_AUTORELEASING = YES;
				CLANG_WARN_BOOL_CONVERSION = YES;
				CLANG_WARN_COMMA = YES;
				CLANG_WARN_CONSTANT_CONVERSION = YES;
				CLANG_WARN_DEPRECATED_OBJC_IMPLEMENTATIONS = YES;
				CLANG_WARN_DIRECT_OBJC_ISA_USAGE = YES_ERROR;
				CLANG_WARN_EMPTY_BODY = YES;
				CLANG_WARN_ENUM_CONVERSION = YES;
				CLANG_WARN_INFINITE_RECURSION = YES;
				CLANG_WARN_INT_CONVERSION = YES;
				CLANG_WARN_NON_LITERAL_NULL_CONVERSION = YES;
				CLANG_WARN_OBJC_IMPLICIT_RETAIN_SELF = YES;
				CLANG_WARN_OBJC_LITERAL_CONVERSION = YES;
				CLANG_WARN_OBJC_ROOT_CLASS = YES_ERROR;
				CLANG_WARN_RANGE_LOOP_ANALYSIS = YES;
				CLANG_WARN_STRICT_PROTOTYPES = YES;
				CLANG_WARN_SUSPICIOUS_MOVE = YES;
				CLANG_WARN_UNREACHABLE_CODE = YES;
				CLANG_WARN__DUPLICATE_METHOD_MATCH = YES;
				"CODE_SIGN_IDENTITY[sdk=iphoneos*]" = "iPhone Developer";
				COPY_PHASE_STRIP = NO;
				DEBUG_INFORMATION_FORMAT = dwarf;
				ENABLE_STRICT_OBJC_MSGSEND = YES;
				ENABLE_TESTABILITY = YES;
				GCC_C_LANGUAGE_STANDARD = gnu99;
				GCC_DYNAMIC_NO_PIC = NO;
				GCC_NO_COMMON_BLOCKS = YES;
				GCC_OPTIMIZATION_LEVEL = 0;
				GCC_PREPROCESSOR_DEFINITIONS = (
					"DEBUG=1",
					"$(inherited)",
				);
				GCC_WARN_64_TO_32_BIT_CONVERSION = YES;
				GCC_WARN_ABOUT_RETURN_TYPE = YES_ERROR;
				GCC_WARN_UNDECLARED_SELECTOR = YES;
				GCC_WARN_UNINITIALIZED_AUTOS = YES_AGGRESSIVE;
				GCC_WARN_UNUSED_FUNCTION = YES;
				GCC_WARN_UNUSED_VARIABLE = YES;
				IPHONEOS_DEPLOYMENT_TARGET = 9.1;
				MTL_ENABLE_DEBUG_INFO = YES;
				ONLY_ACTIVE_ARCH = YES;
				OTHER_SWIFT_FLAGS = "";
				SDKROOT = iphoneos;
				SWIFT_OPTIMIZATION_LEVEL = "-Onone";
				TARGETED_DEVICE_FAMILY = "1,2";
			};
			name = Debug;
		};
		93A3AF0C1BF142A400CAD43B /* Release */ = {
			isa = XCBuildConfiguration;
			buildSettings = {
				ALWAYS_SEARCH_USER_PATHS = NO;
				CLANG_CXX_LANGUAGE_STANDARD = "gnu++0x";
				CLANG_CXX_LIBRARY = "libc++";
				CLANG_ENABLE_MODULES = YES;
				CLANG_ENABLE_OBJC_ARC = YES;
				CLANG_WARN_BLOCK_CAPTURE_AUTORELEASING = YES;
				CLANG_WARN_BOOL_CONVERSION = YES;
				CLANG_WARN_COMMA = YES;
				CLANG_WARN_CONSTANT_CONVERSION = YES;
				CLANG_WARN_DEPRECATED_OBJC_IMPLEMENTATIONS = YES;
				CLANG_WARN_DIRECT_OBJC_ISA_USAGE = YES_ERROR;
				CLANG_WARN_EMPTY_BODY = YES;
				CLANG_WARN_ENUM_CONVERSION = YES;
				CLANG_WARN_INFINITE_RECURSION = YES;
				CLANG_WARN_INT_CONVERSION = YES;
				CLANG_WARN_NON_LITERAL_NULL_CONVERSION = YES;
				CLANG_WARN_OBJC_IMPLICIT_RETAIN_SELF = YES;
				CLANG_WARN_OBJC_LITERAL_CONVERSION = YES;
				CLANG_WARN_OBJC_ROOT_CLASS = YES_ERROR;
				CLANG_WARN_RANGE_LOOP_ANALYSIS = YES;
				CLANG_WARN_STRICT_PROTOTYPES = YES;
				CLANG_WARN_SUSPICIOUS_MOVE = YES;
				CLANG_WARN_UNREACHABLE_CODE = YES;
				CLANG_WARN__DUPLICATE_METHOD_MATCH = YES;
				"CODE_SIGN_IDENTITY[sdk=iphoneos*]" = "iPhone Developer";
				COPY_PHASE_STRIP = NO;
				DEBUG_INFORMATION_FORMAT = "dwarf-with-dsym";
				ENABLE_NS_ASSERTIONS = NO;
				ENABLE_STRICT_OBJC_MSGSEND = YES;
				GCC_C_LANGUAGE_STANDARD = gnu99;
				GCC_NO_COMMON_BLOCKS = YES;
				GCC_WARN_64_TO_32_BIT_CONVERSION = YES;
				GCC_WARN_ABOUT_RETURN_TYPE = YES_ERROR;
				GCC_WARN_UNDECLARED_SELECTOR = YES;
				GCC_WARN_UNINITIALIZED_AUTOS = YES_AGGRESSIVE;
				GCC_WARN_UNUSED_FUNCTION = YES;
				GCC_WARN_UNUSED_VARIABLE = YES;
				IPHONEOS_DEPLOYMENT_TARGET = 9.1;
				MTL_ENABLE_DEBUG_INFO = NO;
				SDKROOT = iphoneos;
				SWIFT_OPTIMIZATION_LEVEL = "-Owholemodule";
				TARGETED_DEVICE_FAMILY = "1,2";
				VALIDATE_PRODUCT = YES;
			};
			name = Release;
		};
		93A3AF0E1BF142A400CAD43B /* Debug */ = {
			isa = XCBuildConfiguration;
			buildSettings = {
				ALWAYS_EMBED_SWIFT_STANDARD_LIBRARIES = YES;
				ASSETCATALOG_COMPILER_APPICON_NAME = AppIcon;
				INFOPLIST_FILE = "iOS Example/Info.plist";
				LD_RUNPATH_SEARCH_PATHS = "$(inherited) @executable_path/Frameworks";
				OTHER_SWIFT_FLAGS = "-D DEBUG";
				PRODUCT_BUNDLE_IDENTIFIER = "org.Khan-Academy.iOS-Example";
				PRODUCT_NAME = "$(TARGET_NAME)";
				SWIFT_SWIFT3_OBJC_INFERENCE = Default;
				SWIFT_VERSION = 4.0;
			};
			name = Debug;
		};
		93A3AF0F1BF142A400CAD43B /* Release */ = {
			isa = XCBuildConfiguration;
			buildSettings = {
				ALWAYS_EMBED_SWIFT_STANDARD_LIBRARIES = YES;
				ASSETCATALOG_COMPILER_APPICON_NAME = AppIcon;
				INFOPLIST_FILE = "iOS Example/Info.plist";
				LD_RUNPATH_SEARCH_PATHS = "$(inherited) @executable_path/Frameworks";
				OTHER_SWIFT_FLAGS = "";
				PRODUCT_BUNDLE_IDENTIFIER = "org.Khan-Academy.iOS-Example";
				PRODUCT_NAME = "$(TARGET_NAME)";
				SWIFT_SWIFT3_OBJC_INFERENCE = Default;
				SWIFT_VERSION = 4.0;
			};
			name = Release;
		};
/* End XCBuildConfiguration section */

/* Begin XCConfigurationList section */
		93A3AEF61BF142A400CAD43B /* Build configuration list for PBXProject "iOS Example" */ = {
			isa = XCConfigurationList;
			buildConfigurations = (
				93A3AF0B1BF142A400CAD43B /* Debug */,
				93A3AF0C1BF142A400CAD43B /* Release */,
			);
			defaultConfigurationIsVisible = 0;
			defaultConfigurationName = Release;
		};
		93A3AF0D1BF142A400CAD43B /* Build configuration list for PBXNativeTarget "iOS Example" */ = {
			isa = XCConfigurationList;
			buildConfigurations = (
				93A3AF0E1BF142A400CAD43B /* Debug */,
				93A3AF0F1BF142A400CAD43B /* Release */,
			);
			defaultConfigurationIsVisible = 0;
			defaultConfigurationName = Release;
		};
/* End XCConfigurationList section */
	};
	rootObject = 93A3AEF31BF142A400CAD43B /* Project object */;
}
